{
  "originHash" : "321ced5d27e9553fc1ff765e081bd00ca72e6268e1c6e0b11625d10f79d5de1c",
  "pins" : [
    {
      "identity" : "jpsvolumebuttonhandler",
      "kind" : "remoteSourceControl",
      "location" : "https://github.com/jpsim/JPSVolumeButtonHandler",
      "state" : {
        "branch" : "master",
        "revision" : "f0606143c3d9fa687eaed2f7a9ecca0e5960b5a3"
      }
    }
  ],
  "version" : 3
}
